github.com/solo-io/docs-theme-extras v0.0.3-beta.5 h1:v8OtPb5GZxfrD7/zi06thq30SqxBMrOvAOBXXEV3jMM=
github.com/solo-io/docs-theme-extras v0.0.3-beta.5/go.mod h1:jjjYu/QoD+vMu30zgcpfEuTEGuJOJWs5qai/K18kltg=
github.com/solo-io/docs-theme-extras v0.1.0 h1:FkUnc4p7OrAEa8VCoZMdIr9nHfZjH8kS00LSAacuUNM=
github.com/solo-io/docs-theme-extras v0.1.0/go.mod h1:jjjYu/QoD+vMu30zgcpfEuTEGuJOJWs5qai/K18kltg=
