github.com/solo-io/docs-theme-extras v0.0.2-beta.1 h1:LRLCt2ZHdelAlwaAjx7xjEOqSpyg3BQ37LRPCnldrvw=
github.com/solo-io/docs-theme-extras v0.0.2-beta.1/go.mod h1:jjjYu/QoD+vMu30zgcpfEuTEGuJOJWs5qai/K18kltg=
github.com/solo-io/docs-theme-extras v0.0.2-beta.2 h1:oZke0I64K6T0vwygyR9uIBRSQXx2OD+3qELVRqugDr0=
github.com/solo-io/docs-theme-extras v0.0.2-beta.2/go.mod h1:jjjYu/QoD+vMu30zgcpfEuTEGuJOJWs5qai/K18kltg=
github.com/solo-io/docs-theme-extras v0.0.2-beta.3 h1:+vk5uFbBs01LZpugghGiyNlgD75Pbm55d3BPKtFovYA=
github.com/solo-io/docs-theme-extras v0.0.2-beta.3/go.mod h1:jjjYu/QoD+vMu30zgcpfEuTEGuJOJWs5qai/K18kltg=
github.com/solo-io/docs-theme-extras v0.0.2-beta.4 h1:WmS+bnlSTQJaNu/pbFR1k3bFvXv4hZG1CQ9ai1re5us=
github.com/solo-io/docs-theme-extras v0.0.2-beta.4/go.mod h1:jjjYu/QoD+vMu30zgcpfEuTEGuJOJWs5qai/K18kltg=
github.com/solo-io/docs-theme-extras v0.0.2-beta.5 h1:7drksCc2Dv3GsBXR2g2vH2BLPzMoIxxxk/kUKryZasE=
github.com/solo-io/docs-theme-extras v0.0.2-beta.5/go.mod h1:jjjYu/QoD+vMu30zgcpfEuTEGuJOJWs5qai/K18kltg=
