github.com/solo-io/docs-theme-extras v0.3.9 h1:1LjnFCWa0ULmtbU94IWD16CTE6Um2d59jWu8M9zKddc=
github.com/solo-io/docs-theme-extras v0.3.9/go.mod h1:jjjYu/QoD+vMu30zgcpfEuTEGuJOJWs5qai/K18kltg=
github.com/solo-io/docs-theme-extras v0.3.10 h1:t2BkRKkD24hDKvatZGLxXZVspnNQGRfVm9kf7RdvnY0=
github.com/solo-io/docs-theme-extras v0.3.10/go.mod h1:jjjYu/QoD+vMu30zgcpfEuTEGuJOJWs5qai/K18kltg=
